// !$*UTF8*$!
{
	archiveVersion = 1;
	classes = {
	};
	objectVersion = 54;
	objects = {

/* Begin PBXBuildFile section */
		00E356F31AD99517003FC87E /* QubikaAppTests.m in Sources */ = {isa = PBXBuildFile; fileRef = 00E356F21AD99517003FC87E /* QubikaAppTests.m */; };
		06BF8F3D765F4EC9BD138A8F /* SF-Pro-Display-MediumItalic.otf in Resources */ = {isa = PBXBuildFile; fileRef = 70866DFA9F3C4ED3A436A66B /* SF-Pro-Display-MediumItalic.otf */; };
		0C80B921A6F3F58F76C31292 /* libPods-QubikaApp.a in Frameworks */ = {isa = PBXBuildFile; fileRef = 5DCACB8F33CDC322A6C60F78 /* libPods-QubikaApp.a */; };
		13B07FBC1A68108700A75B9A /* AppDelegate.mm in Sources */ = {isa = PBXBuildFile; fileRef = 13B07FB01A68108700A75B9A /* AppDelegate.mm */; };
		13B07FBF1A68108700A75B9A /* Images.xcassets in Resources */ = {isa = PBXBuildFile; fileRef = 13B07FB51A68108700A75B9A /* Images.xcassets */; };
		13B07FC11A68108700A75B9A /* main.m in Sources */ = {isa = PBXBuildFile; fileRef = 13B07FB71A68108700A75B9A /* main.m */; };
		1A25A907C199F70929DE04FF /* PrivacyInfo.xcprivacy in Resources */ = {isa = PBXBuildFile; fileRef = 0DFD09FFB7A7B33DB44A90D7 /* PrivacyInfo.xcprivacy */; };
		211BA74C9DA14ABA844A530A /* SF-Pro-Display-Light.otf in Resources */ = {isa = PBXBuildFile; fileRef = 39306EE49C7F439585FFADF9 /* SF-Pro-Display-Light.otf */; };
		2A0D7C1CB5F643C5B056B801 /* SF-Pro-Display-ThinItalic.otf in Resources */ = {isa = PBXBuildFile; fileRef = C77525B015424E69976617E2 /* SF-Pro-Display-ThinItalic.otf */; };
		428187562007FCB4773C98EE /* PrivacyInfo.xcprivacy in Resources */ = {isa = PBXBuildFile; fileRef = B728CB1531C55DF7D907DEC5 /* PrivacyInfo.xcprivacy */; };
		5813C592DDC3492B95D94284 /* SF-Pro-Display-Medium.otf in Resources */ = {isa = PBXBuildFile; fileRef = FB17E8B27D3D40278FE7EFB5 /* SF-Pro-Display-Medium.otf */; };
		5F401BA14E79CDCB3BA10633 /* PrivacyInfo.xcprivacy in Resources */ = {isa = PBXBuildFile; fileRef = B81525C7B61BEC2787C35976 /* PrivacyInfo.xcprivacy */; };
		6199D8D34586BBAA7A087966 /* libPods-QubikaApp.a in Frameworks */ = {isa = PBXBuildFile; fileRef = 5DCACB8F33CDC322A6C60F78 /* libPods-QubikaApp.a */; };
		65246C9C4A454D0CAB7578F6 /* SF-Pro-Display-Regular.otf in Resources */ = {isa = PBXBuildFile; fileRef = 0519D696E7624687A8893998 /* SF-Pro-Display-Regular.otf */; };
		681B795B9F16428CA89D149F /* SF-Pro-Display-UltralightItalic.otf in Resources */ = {isa = PBXBuildFile; fileRef = FC1C0850D415487083884E28 /* SF-Pro-Display-UltralightItalic.otf */; };
		699C92BEF8D14C2BB6E378F7 /* SF-Pro-Display-LightItalic.otf in Resources */ = {isa = PBXBuildFile; fileRef = B990838851F34A7BA1F6A275 /* SF-Pro-Display-LightItalic.otf */; };
		6A58A18EC61A43368AE33994 /* SF-Pro-Display-BlackItalic.otf in Resources */ = {isa = PBXBuildFile; fileRef = BC523E2AD95842469300A3FE /* SF-Pro-Display-BlackItalic.otf */; };
		6A9CD5D12AFA7029000B394E /* AppDelegate.mm in Sources */ = {isa = PBXBuildFile; fileRef = 13B07FB01A68108700A75B9A /* AppDelegate.mm */; };
		6A9CD5D22AFA7029000B394E /* main.m in Sources */ = {isa = PBXBuildFile; fileRef = 13B07FB71A68108700A75B9A /* main.m */; };
		6A9CD5D62AFA7029000B394E /* BootSplash.storyboard in Resources */ = {isa = PBXBuildFile; fileRef = 8E9190662AC4D6F500BC14FF /* BootSplash.storyboard */; };
		6A9CD5D72AFA7029000B394E /* Images.xcassets in Resources */ = {isa = PBXBuildFile; fileRef = 13B07FB51A68108700A75B9A /* Images.xcassets */; };
		6A9CD5E42AFA7033000B394E /* AppDelegate.mm in Sources */ = {isa = PBXBuildFile; fileRef = 13B07FB01A68108700A75B9A /* AppDelegate.mm */; };
		6A9CD5E52AFA7033000B394E /* main.m in Sources */ = {isa = PBXBuildFile; fileRef = 13B07FB71A68108700A75B9A /* main.m */; };
		6A9CD5E92AFA7033000B394E /* BootSplash.storyboard in Resources */ = {isa = PBXBuildFile; fileRef = 8E9190662AC4D6F500BC14FF /* BootSplash.storyboard */; };
		6A9CD5EA2AFA7033000B394E /* Images.xcassets in Resources */ = {isa = PBXBuildFile; fileRef = 13B07FB51A68108700A75B9A /* Images.xcassets */; };
		6AC8A3F92AFBD330003EA018 /* Development-Info.plist in Resources */ = {isa = PBXBuildFile; fileRef = 6AC8A3F62AFBD330003EA018 /* Development-Info.plist */; };
		6AC8A3FD2AFBD344003EA018 /* Staging-Info.plist in Resources */ = {isa = PBXBuildFile; fileRef = 6AC8A3FA2AFBD344003EA018 /* Staging-Info.plist */; };
		7699B88040F8A987B510C191 /* libPods-QubikaApp-QubikaAppTests.a in Frameworks */ = {isa = PBXBuildFile; fileRef = 19F6CBCC0A4E27FBF8BF4A61 /* libPods-QubikaApp-QubikaAppTests.a */; };
		7CF025B31A824A8A8590BBCC /* SF-Pro-Display-SemiboldItalic.otf in Resources */ = {isa = PBXBuildFile; fileRef = CA3ACB7A4FC740D6A5D996AF /* SF-Pro-Display-SemiboldItalic.otf */; };
		87FDF4AE7A38404C818E377E /* SF-Pro-Display-Thin.otf in Resources */ = {isa = PBXBuildFile; fileRef = A7189625667D42F39B14F750 /* SF-Pro-Display-Thin.otf */; };
		8E9190672AC4D6F500BC14FF /* BootSplash.storyboard in Resources */ = {isa = PBXBuildFile; fileRef = 8E9190662AC4D6F500BC14FF /* BootSplash.storyboard */; };
		AC4213E50623483684CAA2C1 /* SF-Pro-Display-Black.otf in Resources */ = {isa = PBXBuildFile; fileRef = 15E323118B374BFD87DA0107 /* SF-Pro-Display-Black.otf */; };
		AC7E6467285448B681F4DBEC /* SF-Pro-Display-Heavy.otf in Resources */ = {isa = PBXBuildFile; fileRef = 898703D034CB4121AB7FF7A0 /* SF-Pro-Display-Heavy.otf */; };
		ACC31A866FD3455E867C12B3 /* SF-Pro-Display-HeavyItalic.otf in Resources */ = {isa = PBXBuildFile; fileRef = 7B9C202889694130B7EE766E /* SF-Pro-Display-HeavyItalic.otf */; };
		B26AF34156D639C78399BB1E /* libPods-QubikaApp-QubikaAppDevelopment.a in Frameworks */ = {isa = PBXBuildFile; fileRef = F6FFB1C75EE1695A0A486614 /* libPods-QubikaApp-QubikaAppDevelopment.a */; };
		B507BC25885F422C91694AEC /* SF-Pro-Display-Bold.otf in Resources */ = {isa = PBXBuildFile; fileRef = 1EDD0015755540A2958D51EB /* SF-Pro-Display-Bold.otf */; };
		C0EF0FFBCAB347BA97FC2208 /* SF-Pro-Display-Semibold.otf in Resources */ = {isa = PBXBuildFile; fileRef = A159B92CA2664A52ADF5794A /* SF-Pro-Display-Semibold.otf */; };
		C9834F6299474877A35F940B /* SF-Pro-Display-Ultralight.otf in Resources */ = {isa = PBXBuildFile; fileRef = 361FF98034AB4366A3B88702 /* SF-Pro-Display-Ultralight.otf */; };
		DA6209FCD3D8490C8637D64B /* SF-Pro-Display-BoldItalic.otf in Resources */ = {isa = PBXBuildFile; fileRef = 606853F26A86482D95A4F3F7 /* SF-Pro-Display-BoldItalic.otf */; };
		EE72239F395D4E12B87A5866 /* SF-Pro-Display-RegularItalic.otf in Resources */ = {isa = PBXBuildFile; fileRef = 8924108E487C424EBC33BD98 /* SF-Pro-Display-RegularItalic.otf */; };
		FBF3F7034AA8E51BDD693F39 /* libPods-QubikaApp-QubikaAppStaging.a in Frameworks */ = {isa = PBXBuildFile; fileRef = 462A91B4C11E444951E6EC33 /* libPods-QubikaApp-QubikaAppStaging.a */; };
/* End PBXBuildFile section */

/* Begin PBXContainerItemProxy section */
		00E356F41AD99517003FC87E /* PBXContainerItemProxy */ = {
			isa = PBXContainerItemProxy;
			containerPortal = 83CBB9F71A601CBA00E9B192 /* Project object */;
			proxyType = 1;
			remoteGlobalIDString = 13B07F861A680F5B00A75B9A;
			remoteInfo = QubikaApp;
		};
/* End PBXContainerItemProxy section */

/* Begin PBXFileReference section */
		00E356EE1AD99517003FC87E /* QubikaAppTests.xctest */ = {isa = PBXFileReference; explicitFileType = wrapper.cfbundle; includeInIndex = 0; path = QubikaAppTests.xctest; sourceTree = BUILT_PRODUCTS_DIR; };
		00E356F11AD99517003FC87E /* Info.plist */ = {isa = PBXFileReference; lastKnownFileType = text.plist.xml; path = Info.plist; sourceTree = "<group>"; };
		00E356F21AD99517003FC87E /* QubikaAppTests.m */ = {isa = PBXFileReference; lastKnownFileType = sourcecode.c.objc; path = QubikaAppTests.m; sourceTree = "<group>"; };
		0519D696E7624687A8893998 /* SF-Pro-Display-Regular.otf */ = {isa = PBXFileReference; explicitFileType = undefined; fileEncoding = undefined; includeInIndex = 0; lastKnownFileType = unknown; name = "SF-Pro-Display-Regular.otf"; path = "../src/assets/fonts/SF-Pro-Display-Regular.otf"; sourceTree = "<group>"; };
		06BD3FEC72835A306B6CB6EC /* Pods-QubikaApp.debug.xcconfig */ = {isa = PBXFileReference; includeInIndex = 1; lastKnownFileType = text.xcconfig; name = "Pods-QubikaApp.debug.xcconfig"; path = "Target Support Files/Pods-QubikaApp/Pods-QubikaApp.debug.xcconfig"; sourceTree = "<group>"; };
		0DFD09FFB7A7B33DB44A90D7 /* PrivacyInfo.xcprivacy */ = {isa = PBXFileReference; includeInIndex = 1; name = PrivacyInfo.xcprivacy; path = QubikaApp/PrivacyInfo.xcprivacy; sourceTree = "<group>"; };
		13B07F961A680F5B00A75B9A /* QubikaApp.app */ = {isa = PBXFileReference; explicitFileType = wrapper.application; includeInIndex = 0; path = QubikaApp.app; sourceTree = BUILT_PRODUCTS_DIR; };
		13B07FAF1A68108700A75B9A /* AppDelegate.h */ = {isa = PBXFileReference; fileEncoding = 4; lastKnownFileType = sourcecode.c.h; name = AppDelegate.h; path = QubikaApp/AppDelegate.h; sourceTree = "<group>"; };
		13B07FB01A68108700A75B9A /* AppDelegate.mm */ = {isa = PBXFileReference; fileEncoding = 4; lastKnownFileType = sourcecode.cpp.objcpp; name = AppDelegate.mm; path = QubikaApp/AppDelegate.mm; sourceTree = "<group>"; };
		13B07FB51A68108700A75B9A /* Images.xcassets */ = {isa = PBXFileReference; lastKnownFileType = folder.assetcatalog; name = Images.xcassets; path = QubikaApp/Images.xcassets; sourceTree = "<group>"; };
		13B07FB61A68108700A75B9A /* Info.plist */ = {isa = PBXFileReference; fileEncoding = 4; lastKnownFileType = text.plist.xml; name = Info.plist; path = QubikaApp/Info.plist; sourceTree = "<group>"; };
		13B07FB71A68108700A75B9A /* main.m */ = {isa = PBXFileReference; fileEncoding = 4; lastKnownFileType = sourcecode.c.objc; name = main.m; path = QubikaApp/main.m; sourceTree = "<group>"; };
		1465B32CF01FA5D3F9736910 /* Pods-QubikaApp-QubikaAppDevelopment.debug.xcconfig */ = {isa = PBXFileReference; includeInIndex = 1; lastKnownFileType = text.xcconfig; name = "Pods-QubikaApp-QubikaAppDevelopment.debug.xcconfig"; path = "Target Support Files/Pods-QubikaApp-QubikaAppDevelopment/Pods-QubikaApp-QubikaAppDevelopment.debug.xcconfig"; sourceTree = "<group>"; };
		15E323118B374BFD87DA0107 /* SF-Pro-Display-Black.otf */ = {isa = PBXFileReference; explicitFileType = undefined; fileEncoding = undefined; includeInIndex = 0; lastKnownFileType = unknown; name = "SF-Pro-Display-Black.otf"; path = "../src/assets/fonts/SF-Pro-Display-Black.otf"; sourceTree = "<group>"; };
		19F6CBCC0A4E27FBF8BF4A61 /* libPods-QubikaApp-QubikaAppTests.a */ = {isa = PBXFileReference; explicitFileType = archive.ar; includeInIndex = 0; path = "libPods-QubikaApp-QubikaAppTests.a"; sourceTree = BUILT_PRODUCTS_DIR; };
		1EDD0015755540A2958D51EB /* SF-Pro-Display-Bold.otf */ = {isa = PBXFileReference; explicitFileType = undefined; fileEncoding = undefined; includeInIndex = 0; lastKnownFileType = unknown; name = "SF-Pro-Display-Bold.otf"; path = "../src/assets/fonts/SF-Pro-Display-Bold.otf"; sourceTree = "<group>"; };
		361FF98034AB4366A3B88702 /* SF-Pro-Display-Ultralight.otf */ = {isa = PBXFileReference; explicitFileType = undefined; fileEncoding = undefined; includeInIndex = 0; lastKnownFileType = unknown; name = "SF-Pro-Display-Ultralight.otf"; path = "../src/assets/fonts/SF-Pro-Display-Ultralight.otf"; sourceTree = "<group>"; };
		39306EE49C7F439585FFADF9 /* SF-Pro-Display-Light.otf */ = {isa = PBXFileReference; explicitFileType = undefined; fileEncoding = undefined; includeInIndex = 0; lastKnownFileType = unknown; name = "SF-Pro-Display-Light.otf"; path = "../src/assets/fonts/SF-Pro-Display-Light.otf"; sourceTree = "<group>"; };
		462A91B4C11E444951E6EC33 /* libPods-QubikaApp-QubikaAppStaging.a */ = {isa = PBXFileReference; explicitFileType = archive.ar; includeInIndex = 0; path = "libPods-QubikaApp-QubikaAppStaging.a"; sourceTree = BUILT_PRODUCTS_DIR; };
		4B52BBCEB8E8AAFB297E8D57 /* Pods-QubikaApp.release.xcconfig */ = {isa = PBXFileReference; includeInIndex = 1; lastKnownFileType = text.xcconfig; name = "Pods-QubikaApp.release.xcconfig"; path = "Target Support Files/Pods-QubikaApp/Pods-QubikaApp.release.xcconfig"; sourceTree = "<group>"; };
		54F440457D4EF3EC8D44A673 /* Pods-QubikaApp-QubikaAppStaging.debug.xcconfig */ = {isa = PBXFileReference; includeInIndex = 1; lastKnownFileType = text.xcconfig; name = "Pods-QubikaApp-QubikaAppStaging.debug.xcconfig"; path = "Target Support Files/Pods-QubikaApp-QubikaAppStaging/Pods-QubikaApp-QubikaAppStaging.debug.xcconfig"; sourceTree = "<group>"; };
		5B7EB9410499542E8C5724F5 /* Pods-QubikaApp-QubikaAppTests.debug.xcconfig */ = {isa = PBXFileReference; includeInIndex = 1; lastKnownFileType = text.xcconfig; name = "Pods-QubikaApp-QubikaAppTests.debug.xcconfig"; path = "Target Support Files/Pods-QubikaApp-QubikaAppTests/Pods-QubikaApp-QubikaAppTests.debug.xcconfig"; sourceTree = "<group>"; };
		5DCACB8F33CDC322A6C60F78 /* libPods-QubikaApp.a */ = {isa = PBXFileReference; explicitFileType = archive.ar; includeInIndex = 0; path = "libPods-QubikaApp.a"; sourceTree = BUILT_PRODUCTS_DIR; };
		606853F26A86482D95A4F3F7 /* SF-Pro-Display-BoldItalic.otf */ = {isa = PBXFileReference; explicitFileType = undefined; fileEncoding = undefined; includeInIndex = 0; lastKnownFileType = unknown; name = "SF-Pro-Display-BoldItalic.otf"; path = "../src/assets/fonts/SF-Pro-Display-BoldItalic.otf"; sourceTree = "<group>"; };
		6A9CD5DE2AFA7029000B394E /* QubikaAppStaging.app */ = {isa = PBXFileReference; explicitFileType = wrapper.application; includeInIndex = 0; path = QubikaAppStaging.app; sourceTree = BUILT_PRODUCTS_DIR; };
		6A9CD5F12AFA7033000B394E /* QubikaAppDevelopment.app */ = {isa = PBXFileReference; explicitFileType = wrapper.application; includeInIndex = 0; path = QubikaAppDevelopment.app; sourceTree = BUILT_PRODUCTS_DIR; };
		6AC8A3F62AFBD330003EA018 /* Development-Info.plist */ = {isa = PBXFileReference; fileEncoding = 4; lastKnownFileType = text.plist.xml; name = "Development-Info.plist"; path = "QubikaApp/Development-Info.plist"; sourceTree = "<group>"; };
		6AC8A3FA2AFBD344003EA018 /* Staging-Info.plist */ = {isa = PBXFileReference; fileEncoding = 4; lastKnownFileType = text.plist.xml; name = "Staging-Info.plist"; path = "QubikaApp/Staging-Info.plist"; sourceTree = "<group>"; };
		70866DFA9F3C4ED3A436A66B /* SF-Pro-Display-MediumItalic.otf */ = {isa = PBXFileReference; explicitFileType = undefined; fileEncoding = undefined; includeInIndex = 0; lastKnownFileType = unknown; name = "SF-Pro-Display-MediumItalic.otf"; path = "../src/assets/fonts/SF-Pro-Display-MediumItalic.otf"; sourceTree = "<group>"; };
		7B9C202889694130B7EE766E /* SF-Pro-Display-HeavyItalic.otf */ = {isa = PBXFileReference; explicitFileType = undefined; fileEncoding = undefined; includeInIndex = 0; lastKnownFileType = unknown; name = "SF-Pro-Display-HeavyItalic.otf"; path = "../src/assets/fonts/SF-Pro-Display-HeavyItalic.otf"; sourceTree = "<group>"; };
		8924108E487C424EBC33BD98 /* SF-Pro-Display-RegularItalic.otf */ = {isa = PBXFileReference; explicitFileType = undefined; fileEncoding = undefined; includeInIndex = 0; lastKnownFileType = unknown; name = "SF-Pro-Display-RegularItalic.otf"; path = "../src/assets/fonts/SF-Pro-Display-RegularItalic.otf"; sourceTree = "<group>"; };
		898703D034CB4121AB7FF7A0 /* SF-Pro-Display-Heavy.otf */ = {isa = PBXFileReference; explicitFileType = undefined; fileEncoding = undefined; includeInIndex = 0; lastKnownFileType = unknown; name = "SF-Pro-Display-Heavy.otf"; path = "../src/assets/fonts/SF-Pro-Display-Heavy.otf"; sourceTree = "<group>"; };
		89C6BE57DB24E9ADA2F236DE /* Pods-QubikaApp-QubikaAppTests.release.xcconfig */ = {isa = PBXFileReference; includeInIndex = 1; lastKnownFileType = text.xcconfig; name = "Pods-QubikaApp-QubikaAppTests.release.xcconfig"; path = "Target Support Files/Pods-QubikaApp-QubikaAppTests/Pods-QubikaApp-QubikaAppTests.release.xcconfig"; sourceTree = "<group>"; };
		8E9190662AC4D6F500BC14FF /* BootSplash.storyboard */ = {isa = PBXFileReference; fileEncoding = 4; lastKnownFileType = file.storyboard; name = BootSplash.storyboard; path = QubikaApp/BootSplash.storyboard; sourceTree = "<group>"; };
		A159B92CA2664A52ADF5794A /* SF-Pro-Display-Semibold.otf */ = {isa = PBXFileReference; explicitFileType = undefined; fileEncoding = undefined; includeInIndex = 0; lastKnownFileType = unknown; name = "SF-Pro-Display-Semibold.otf"; path = "../src/assets/fonts/SF-Pro-Display-Semibold.otf"; sourceTree = "<group>"; };
		A7189625667D42F39B14F750 /* SF-Pro-Display-Thin.otf */ = {isa = PBXFileReference; explicitFileType = undefined; fileEncoding = undefined; includeInIndex = 0; lastKnownFileType = unknown; name = "SF-Pro-Display-Thin.otf"; path = "../src/assets/fonts/SF-Pro-Display-Thin.otf"; sourceTree = "<group>"; };
		B728CB1531C55DF7D907DEC5 /* PrivacyInfo.xcprivacy */ = {isa = PBXFileReference; includeInIndex = 1; name = PrivacyInfo.xcprivacy; path = QubikaApp/PrivacyInfo.xcprivacy; sourceTree = "<group>"; };
		B81525C7B61BEC2787C35976 /* PrivacyInfo.xcprivacy */ = {isa = PBXFileReference; includeInIndex = 1; name = PrivacyInfo.xcprivacy; path = QubikaApp/PrivacyInfo.xcprivacy; sourceTree = "<group>"; };
		B990838851F34A7BA1F6A275 /* SF-Pro-Display-LightItalic.otf */ = {isa = PBXFileReference; explicitFileType = undefined; fileEncoding = undefined; includeInIndex = 0; lastKnownFileType = unknown; name = "SF-Pro-Display-LightItalic.otf"; path = "../src/assets/fonts/SF-Pro-Display-LightItalic.otf"; sourceTree = "<group>"; };
		BC523E2AD95842469300A3FE /* SF-Pro-Display-BlackItalic.otf */ = {isa = PBXFileReference; explicitFileType = undefined; fileEncoding = undefined; includeInIndex = 0; lastKnownFileType = unknown; name = "SF-Pro-Display-BlackItalic.otf"; path = "../src/assets/fonts/SF-Pro-Display-BlackItalic.otf"; sourceTree = "<group>"; };
		C77525B015424E69976617E2 /* SF-Pro-Display-ThinItalic.otf */ = {isa = PBXFileReference; explicitFileType = undefined; fileEncoding = undefined; includeInIndex = 0; lastKnownFileType = unknown; name = "SF-Pro-Display-ThinItalic.otf"; path = "../src/assets/fonts/SF-Pro-Display-ThinItalic.otf"; sourceTree = "<group>"; };
		CA3ACB7A4FC740D6A5D996AF /* SF-Pro-Display-SemiboldItalic.otf */ = {isa = PBXFileReference; explicitFileType = undefined; fileEncoding = undefined; includeInIndex = 0; lastKnownFileType = unknown; name = "SF-Pro-Display-SemiboldItalic.otf"; path = "../src/assets/fonts/SF-Pro-Display-SemiboldItalic.otf"; sourceTree = "<group>"; };
		DD250ECCD04133BBF4B07A56 /* Pods-QubikaApp-QubikaAppStaging.release.xcconfig */ = {isa = PBXFileReference; includeInIndex = 1; lastKnownFileType = text.xcconfig; name = "Pods-QubikaApp-QubikaAppStaging.release.xcconfig"; path = "Target Support Files/Pods-QubikaApp-QubikaAppStaging/Pods-QubikaApp-QubikaAppStaging.release.xcconfig"; sourceTree = "<group>"; };
		ED297162215061F000B7C4FE /* JavaScriptCore.framework */ = {isa = PBXFileReference; lastKnownFileType = wrapper.framework; name = JavaScriptCore.framework; path = System/Library/Frameworks/JavaScriptCore.framework; sourceTree = SDKROOT; };
		F6FFB1C75EE1695A0A486614 /* libPods-QubikaApp-QubikaAppDevelopment.a */ = {isa = PBXFileReference; explicitFileType = archive.ar; includeInIndex = 0; path = "libPods-QubikaApp-QubikaAppDevelopment.a"; sourceTree = BUILT_PRODUCTS_DIR; };
		FB0626A538FCD60B6813CEF8 /* Pods-QubikaApp-QubikaAppDevelopment.release.xcconfig */ = {isa = PBXFileReference; includeInIndex = 1; lastKnownFileType = text.xcconfig; name = "Pods-QubikaApp-QubikaAppDevelopment.release.xcconfig"; path = "Target Support Files/Pods-QubikaApp-QubikaAppDevelopment/Pods-QubikaApp-QubikaAppDevelopment.release.xcconfig"; sourceTree = "<group>"; };
		FB17E8B27D3D40278FE7EFB5 /* SF-Pro-Display-Medium.otf */ = {isa = PBXFileReference; explicitFileType = undefined; fileEncoding = undefined; includeInIndex = 0; lastKnownFileType = unknown; name = "SF-Pro-Display-Medium.otf"; path = "../src/assets/fonts/SF-Pro-Display-Medium.otf"; sourceTree = "<group>"; };
		FC1C0850D415487083884E28 /* SF-Pro-Display-UltralightItalic.otf */ = {isa = PBXFileReference; explicitFileType = undefined; fileEncoding = undefined; includeInIndex = 0; lastKnownFileType = unknown; name = "SF-Pro-Display-UltralightItalic.otf"; path = "../src/assets/fonts/SF-Pro-Display-UltralightItalic.otf"; sourceTree = "<group>"; };
/* End PBXFileReference section */

/* Begin PBXFrameworksBuildPhase section */
		00E356EB1AD99517003FC87E /* Frameworks */ = {
			isa = PBXFrameworksBuildPhase;
			buildActionMask = 2147483647;
			files = (
				7699B88040F8A987B510C191 /* libPods-QubikaApp-QubikaAppTests.a in Frameworks */,
			);
			runOnlyForDeploymentPostprocessing = 0;
		};
		13B07F8C1A680F5B00A75B9A /* Frameworks */ = {
			isa = PBXFrameworksBuildPhase;
			buildActionMask = 2147483647;
			files = (
				0C80B921A6F3F58F76C31292 /* libPods-QubikaApp.a in Frameworks */,
				6199D8D34586BBAA7A087966 /* libPods-QubikaApp.a in Frameworks */,
			);
			runOnlyForDeploymentPostprocessing = 0;
		};
		6A9CD5D32AFA7029000B394E /* Frameworks */ = {
			isa = PBXFrameworksBuildPhase;
			buildActionMask = 2147483647;
			files = (
				FBF3F7034AA8E51BDD693F39 /* libPods-QubikaApp-QubikaAppStaging.a in Frameworks */,
			);
			runOnlyForDeploymentPostprocessing = 0;
		};
		6A9CD5E62AFA7033000B394E /* Frameworks */ = {
			isa = PBXFrameworksBuildPhase;
			buildActionMask = 2147483647;
			files = (
				B26AF34156D639C78399BB1E /* libPods-QubikaApp-QubikaAppDevelopment.a in Frameworks */,
			);
			runOnlyForDeploymentPostprocessing = 0;
		};
/* End PBXFrameworksBuildPhase section */

/* Begin PBXGroup section */
		00E356EF1AD99517003FC87E /* QubikaAppTests */ = {
			isa = PBXGroup;
			children = (
				00E356F21AD99517003FC87E /* QubikaAppTests.m */,
				00E356F01AD99517003FC87E /* Supporting Files */,
			);
			path = QubikaAppTests;
			sourceTree = "<group>";
		};
		00E356F01AD99517003FC87E /* Supporting Files */ = {
			isa = PBXGroup;
			children = (
				00E356F11AD99517003FC87E /* Info.plist */,
			);
			name = "Supporting Files";
			sourceTree = "<group>";
		};
		13B07FAE1A68108700A75B9A /* QubikaApp */ = {
			isa = PBXGroup;
			children = (
				6AC8A3FA2AFBD344003EA018 /* Staging-Info.plist */,
				6AC8A3F62AFBD330003EA018 /* Development-Info.plist */,
				13B07FAF1A68108700A75B9A /* AppDelegate.h */,
				13B07FB01A68108700A75B9A /* AppDelegate.mm */,
				13B07FB51A68108700A75B9A /* Images.xcassets */,
				13B07FB61A68108700A75B9A /* Info.plist */,
				8E9190662AC4D6F500BC14FF /* BootSplash.storyboard */,
				13B07FB71A68108700A75B9A /* main.m */,
				B728CB1531C55DF7D907DEC5 /* PrivacyInfo.xcprivacy */,
			);
			name = QubikaApp;
			sourceTree = "<group>";
		};
		2D16E6871FA4F8E400B85C8A /* Frameworks */ = {
			isa = PBXGroup;
			children = (
				ED297162215061F000B7C4FE /* JavaScriptCore.framework */,
				5DCACB8F33CDC322A6C60F78 /* libPods-QubikaApp.a */,
				19F6CBCC0A4E27FBF8BF4A61 /* libPods-QubikaApp-QubikaAppTests.a */,
				F6FFB1C75EE1695A0A486614 /* libPods-QubikaApp-QubikaAppDevelopment.a */,
				462A91B4C11E444951E6EC33 /* libPods-QubikaApp-QubikaAppStaging.a */,
			);
			name = Frameworks;
			sourceTree = "<group>";
		};
		832341AE1AAA6A7D00B99B32 /* Libraries */ = {
			isa = PBXGroup;
			children = (
			);
			name = Libraries;
			sourceTree = "<group>";
		};
		83CBB9F61A601CBA00E9B192 = {
			isa = PBXGroup;
			children = (
				13B07FAE1A68108700A75B9A /* QubikaApp */,
				832341AE1AAA6A7D00B99B32 /* Libraries */,
				00E356EF1AD99517003FC87E /* QubikaAppTests */,
				83CBBA001A601CBA00E9B192 /* Products */,
				2D16E6871FA4F8E400B85C8A /* Frameworks */,
				BBD78D7AC51CEA395F1C20DB /* Pods */,
				AA024589706A4DB18C6ED9EC /* Resources */,
				B81525C7B61BEC2787C35976 /* PrivacyInfo.xcprivacy */,
				0DFD09FFB7A7B33DB44A90D7 /* PrivacyInfo.xcprivacy */,
			);
			indentWidth = 2;
			sourceTree = "<group>";
			tabWidth = 2;
			usesTabs = 0;
		};
		83CBBA001A601CBA00E9B192 /* Products */ = {
			isa = PBXGroup;
			children = (
				13B07F961A680F5B00A75B9A /* QubikaApp.app */,
				00E356EE1AD99517003FC87E /* QubikaAppTests.xctest */,
				6A9CD5DE2AFA7029000B394E /* QubikaAppStaging.app */,
				6A9CD5F12AFA7033000B394E /* QubikaAppDevelopment.app */,
			);
			name = Products;
			sourceTree = "<group>";
		};
		AA024589706A4DB18C6ED9EC /* Resources */ = {
			isa = PBXGroup;
			children = (
				15E323118B374BFD87DA0107 /* SF-Pro-Display-Black.otf */,
				BC523E2AD95842469300A3FE /* SF-Pro-Display-BlackItalic.otf */,
				1EDD0015755540A2958D51EB /* SF-Pro-Display-Bold.otf */,
				606853F26A86482D95A4F3F7 /* SF-Pro-Display-BoldItalic.otf */,
				898703D034CB4121AB7FF7A0 /* SF-Pro-Display-Heavy.otf */,
				7B9C202889694130B7EE766E /* SF-Pro-Display-HeavyItalic.otf */,
				39306EE49C7F439585FFADF9 /* SF-Pro-Display-Light.otf */,
				B990838851F34A7BA1F6A275 /* SF-Pro-Display-LightItalic.otf */,
				FB17E8B27D3D40278FE7EFB5 /* SF-Pro-Display-Medium.otf */,
				70866DFA9F3C4ED3A436A66B /* SF-Pro-Display-MediumItalic.otf */,
				0519D696E7624687A8893998 /* SF-Pro-Display-Regular.otf */,
				8924108E487C424EBC33BD98 /* SF-Pro-Display-RegularItalic.otf */,
				A159B92CA2664A52ADF5794A /* SF-Pro-Display-Semibold.otf */,
				CA3ACB7A4FC740D6A5D996AF /* SF-Pro-Display-SemiboldItalic.otf */,
				A7189625667D42F39B14F750 /* SF-Pro-Display-Thin.otf */,
				C77525B015424E69976617E2 /* SF-Pro-Display-ThinItalic.otf */,
				361FF98034AB4366A3B88702 /* SF-Pro-Display-Ultralight.otf */,
				FC1C0850D415487083884E28 /* SF-Pro-Display-UltralightItalic.otf */,
			);
			name = Resources;
			sourceTree = "<group>";
		};
		BBD78D7AC51CEA395F1C20DB /* Pods */ = {
			isa = PBXGroup;
			children = (
				5B7EB9410499542E8C5724F5 /* Pods-QubikaApp-QubikaAppTests.debug.xcconfig */,
				89C6BE57DB24E9ADA2F236DE /* Pods-QubikaApp-QubikaAppTests.release.xcconfig */,
				06BD3FEC72835A306B6CB6EC /* Pods-QubikaApp.debug.xcconfig */,
				4B52BBCEB8E8AAFB297E8D57 /* Pods-QubikaApp.release.xcconfig */,
				1465B32CF01FA5D3F9736910 /* Pods-QubikaApp-QubikaAppDevelopment.debug.xcconfig */,
				FB0626A538FCD60B6813CEF8 /* Pods-QubikaApp-QubikaAppDevelopment.release.xcconfig */,
				54F440457D4EF3EC8D44A673 /* Pods-QubikaApp-QubikaAppStaging.debug.xcconfig */,
				DD250ECCD04133BBF4B07A56 /* Pods-QubikaApp-QubikaAppStaging.release.xcconfig */,
			);
			path = Pods;
			sourceTree = "<group>";
		};
/* End PBXGroup section */

/* Begin PBXNativeTarget section */
		00E356ED1AD99517003FC87E /* QubikaAppTests */ = {
			isa = PBXNativeTarget;
			buildConfigurationList = 00E357021AD99517003FC87E /* Build configuration list for PBXNativeTarget "QubikaAppTests" */;
			buildPhases = (
				A55EABD7B0C7F3A422A6CC61 /* [CP] Check Pods Manifest.lock */,
				00E356EA1AD99517003FC87E /* Sources */,
				00E356EB1AD99517003FC87E /* Frameworks */,
				00E356EC1AD99517003FC87E /* Resources */,
				C59DA0FBD6956966B86A3779 /* [CP] Embed Pods Frameworks */,
				F6A41C54EA430FDDC6A6ED99 /* [CP] Copy Pods Resources */,
			);
			buildRules = (
			);
			dependencies = (
				00E356F51AD99517003FC87E /* PBXTargetDependency */,
			);
			name = QubikaAppTests;
			productName = QubikaAppTests;
			productReference = 00E356EE1AD99517003FC87E /* QubikaAppTests.xctest */;
			productType = "com.apple.product-type.bundle.unit-test";
		};
		13B07F861A680F5B00A75B9A /* QubikaApp */ = {
			isa = PBXNativeTarget;
			buildConfigurationList = 13B07F931A680F5B00A75B9A /* Build configuration list for PBXNativeTarget "QubikaApp" */;
			buildPhases = (
				C38B50BA6285516D6DCD4F65 /* [CP] Check Pods Manifest.lock */,
				13B07F871A680F5B00A75B9A /* Sources */,
				13B07F8C1A680F5B00A75B9A /* Frameworks */,
				13B07F8E1A680F5B00A75B9A /* Resources */,
				00DD1BFF1BD5951E006B06BC /* Bundle React Native code and images */,
				00EEFC60759A1932668264C0 /* [CP] Embed Pods Frameworks */,
				E235C05ADACE081382539298 /* [CP] Copy Pods Resources */,
			);
			buildRules = (
			);
			dependencies = (
			);
			name = QubikaApp;
			productName = QubikaApp;
			productReference = 13B07F961A680F5B00A75B9A /* QubikaApp.app */;
			productType = "com.apple.product-type.application";
		};
		6A9CD5CD2AFA7029000B394E /* QubikaAppStaging */ = {
			isa = PBXNativeTarget;
			buildConfigurationList = 6A9CD5DB2AFA7029000B394E /* Build configuration list for PBXNativeTarget "QubikaAppStaging" */;
			buildPhases = (
				55DFCD15DF8B2980FA877423 /* [CP] Check Pods Manifest.lock */,
				6A9CD5D02AFA7029000B394E /* Sources */,
				6A9CD5D32AFA7029000B394E /* Frameworks */,
				6A9CD5D52AFA7029000B394E /* Resources */,
				6A9CD5D82AFA7029000B394E /* Bundle React Native code and images */,
				6C5B6C89D0AA69452A1E7270 /* [CP] Embed Pods Frameworks */,
				C0629B47DE798EADF2B3753F /* [CP] Copy Pods Resources */,
			);
			buildRules = (
			);
			dependencies = (
			);
			name = QubikaAppStaging;
			productName = QubikaApp;
			productReference = 6A9CD5DE2AFA7029000B394E /* QubikaAppStaging.app */;
			productType = "com.apple.product-type.application";
		};
		6A9CD5E02AFA7033000B394E /* QubikaAppDevelopment */ = {
			isa = PBXNativeTarget;
			buildConfigurationList = 6A9CD5EE2AFA7033000B394E /* Build configuration list for PBXNativeTarget "QubikaAppDevelopment" */;
			buildPhases = (
				9F520F7100AFDE4A7B617094 /* [CP] Check Pods Manifest.lock */,
				6A9CD5E32AFA7033000B394E /* Sources */,
				6A9CD5E62AFA7033000B394E /* Frameworks */,
				6A9CD5E82AFA7033000B394E /* Resources */,
				6A9CD5EB2AFA7033000B394E /* Bundle React Native code and images */,
				9CF1228A3E0B89CE1511CC86 /* [CP] Embed Pods Frameworks */,
				15AA753FEC94D3F3033DC363 /* [CP] Copy Pods Resources */,
			);
			buildRules = (
			);
			dependencies = (
			);
			name = QubikaAppDevelopment;
			productName = QubikaApp;
			productReference = 6A9CD5F12AFA7033000B394E /* QubikaAppDevelopment.app */;
			productType = "com.apple.product-type.application";
		};
/* End PBXNativeTarget section */

/* Begin PBXProject section */
		83CBB9F71A601CBA00E9B192 /* Project object */ = {
			isa = PBXProject;
			attributes = {
				LastUpgradeCheck = 1210;
				TargetAttributes = {
					00E356ED1AD99517003FC87E = {
						CreatedOnToolsVersion = 6.2;
						TestTargetID = 13B07F861A680F5B00A75B9A;
					};
					13B07F861A680F5B00A75B9A = {
						LastSwiftMigration = 1120;
					};
				};
			};
			buildConfigurationList = 83CBB9FA1A601CBA00E9B192 /* Build configuration list for PBXProject "QubikaApp" */;
			compatibilityVersion = "Xcode 12.0";
			developmentRegion = en;
			hasScannedForEncodings = 0;
			knownRegions = (
				en,
				Base,
			);
			mainGroup = 83CBB9F61A601CBA00E9B192;
			productRefGroup = 83CBBA001A601CBA00E9B192 /* Products */;
			projectDirPath = "";
			projectRoot = "";
			targets = (
				13B07F861A680F5B00A75B9A /* QubikaApp */,
				00E356ED1AD99517003FC87E /* QubikaAppTests */,
				6A9CD5CD2AFA7029000B394E /* QubikaAppStaging */,
				6A9CD5E02AFA7033000B394E /* QubikaAppDevelopment */,
			);
		};
/* End PBXProject section */

/* Begin PBXResourcesBuildPhase section */
		00E356EC1AD99517003FC87E /* Resources */ = {
			isa = PBXResourcesBuildPhase;
			buildActionMask = 2147483647;
			files = (
			);
			runOnlyForDeploymentPostprocessing = 0;
		};
		13B07F8E1A680F5B00A75B9A /* Resources */ = {
			isa = PBXResourcesBuildPhase;
			buildActionMask = 2147483647;
			files = (
				13B07FBF1A68108700A75B9A /* Images.xcassets in Resources */,
				8E9190672AC4D6F500BC14FF /* BootSplash.storyboard in Resources */,
				AC4213E50623483684CAA2C1 /* SF-Pro-Display-Black.otf in Resources */,
				6A58A18EC61A43368AE33994 /* SF-Pro-Display-BlackItalic.otf in Resources */,
				B507BC25885F422C91694AEC /* SF-Pro-Display-Bold.otf in Resources */,
				DA6209FCD3D8490C8637D64B /* SF-Pro-Display-BoldItalic.otf in Resources */,
				AC7E6467285448B681F4DBEC /* SF-Pro-Display-Heavy.otf in Resources */,
				ACC31A866FD3455E867C12B3 /* SF-Pro-Display-HeavyItalic.otf in Resources */,
				211BA74C9DA14ABA844A530A /* SF-Pro-Display-Light.otf in Resources */,
				699C92BEF8D14C2BB6E378F7 /* SF-Pro-Display-LightItalic.otf in Resources */,
				5813C592DDC3492B95D94284 /* SF-Pro-Display-Medium.otf in Resources */,
				06BF8F3D765F4EC9BD138A8F /* SF-Pro-Display-MediumItalic.otf in Resources */,
				65246C9C4A454D0CAB7578F6 /* SF-Pro-Display-Regular.otf in Resources */,
				EE72239F395D4E12B87A5866 /* SF-Pro-Display-RegularItalic.otf in Resources */,
				C0EF0FFBCAB347BA97FC2208 /* SF-Pro-Display-Semibold.otf in Resources */,
				7CF025B31A824A8A8590BBCC /* SF-Pro-Display-SemiboldItalic.otf in Resources */,
				87FDF4AE7A38404C818E377E /* SF-Pro-Display-Thin.otf in Resources */,
				2A0D7C1CB5F643C5B056B801 /* SF-Pro-Display-ThinItalic.otf in Resources */,
				C9834F6299474877A35F940B /* SF-Pro-Display-Ultralight.otf in Resources */,
				681B795B9F16428CA89D149F /* SF-Pro-Display-UltralightItalic.otf in Resources */,
				428187562007FCB4773C98EE /* PrivacyInfo.xcprivacy in Resources */,
			);
			runOnlyForDeploymentPostprocessing = 0;
		};
		6A9CD5D52AFA7029000B394E /* Resources */ = {
			isa = PBXResourcesBuildPhase;
			buildActionMask = 2147483647;
			files = (
				6A9CD5D62AFA7029000B394E /* BootSplash.storyboard in Resources */,
				6A9CD5D72AFA7029000B394E /* Images.xcassets in Resources */,
				5F401BA14E79CDCB3BA10633 /* PrivacyInfo.xcprivacy in Resources */,
			);
			runOnlyForDeploymentPostprocessing = 0;
		};
		6A9CD5E82AFA7033000B394E /* Resources */ = {
			isa = PBXResourcesBuildPhase;
			buildActionMask = 2147483647;
			files = (
				6A9CD5E92AFA7033000B394E /* BootSplash.storyboard in Resources */,
				6A9CD5EA2AFA7033000B394E /* Images.xcassets in Resources */,
				6AC8A3FD2AFBD344003EA018 /* Staging-Info.plist in Resources */,
				6AC8A3F92AFBD330003EA018 /* Development-Info.plist in Resources */,
				1A25A907C199F70929DE04FF /* PrivacyInfo.xcprivacy in Resources */,
			);
			runOnlyForDeploymentPostprocessing = 0;
		};
/* End PBXResourcesBuildPhase section */

/* Begin PBXShellScriptBuildPhase section */
		00DD1BFF1BD5951E006B06BC /* Bundle React Native code and images */ = {
			isa = PBXShellScriptBuildPhase;
			buildActionMask = 2147483647;
			files = (
			);
			inputPaths = (
				"$(SRCROOT)/.xcode.env.local",
				"$(SRCROOT)/.xcode.env",
			);
			name = "Bundle React Native code and images";
			outputPaths = (
			);
			runOnlyForDeploymentPostprocessing = 0;
			shellPath = /bin/sh;
			shellScript = "set -e\n\nWITH_ENVIRONMENT=\"../node_modules/react-native/scripts/xcode/with-environment.sh\"\nREACT_NATIVE_XCODE=\"../node_modules/react-native/scripts/react-native-xcode.sh\"\n\n/bin/sh -c \"$WITH_ENVIRONMENT $REACT_NATIVE_XCODE\"\n";
		};
		00EEFC60759A1932668264C0 /* [CP] Embed Pods Frameworks */ = {
			isa = PBXShellScriptBuildPhase;
			buildActionMask = 2147483647;
			files = (
			);
			inputFileListPaths = (
				"${PODS_ROOT}/Target Support Files/Pods-QubikaApp/Pods-QubikaApp-frameworks-${CONFIGURATION}-input-files.xcfilelist",
			);
			name = "[CP] Embed Pods Frameworks";
			outputFileListPaths = (
				"${PODS_ROOT}/Target Support Files/Pods-QubikaApp/Pods-QubikaApp-frameworks-${CONFIGURATION}-output-files.xcfilelist",
			);
			runOnlyForDeploymentPostprocessing = 0;
			shellPath = /bin/sh;
			shellScript = "\"${PODS_ROOT}/Target Support Files/Pods-QubikaApp/Pods-QubikaApp-frameworks.sh\"\n";
			showEnvVarsInLog = 0;
		};
		15AA753FEC94D3F3033DC363 /* [CP] Copy Pods Resources */ = {
			isa = PBXShellScriptBuildPhase;
			buildActionMask = 2147483647;
			files = (
			);
			inputFileListPaths = (
				"${PODS_ROOT}/Target Support Files/Pods-QubikaApp-QubikaAppDevelopment/Pods-QubikaApp-QubikaAppDevelopment-resources-${CONFIGURATION}-input-files.xcfilelist",
			);
			name = "[CP] Copy Pods Resources";
			outputFileListPaths = (
				"${PODS_ROOT}/Target Support Files/Pods-QubikaApp-QubikaAppDevelopment/Pods-QubikaApp-QubikaAppDevelopment-resources-${CONFIGURATION}-output-files.xcfilelist",
			);
			runOnlyForDeploymentPostprocessing = 0;
			shellPath = /bin/sh;
			shellScript = "\"${PODS_ROOT}/Target Support Files/Pods-QubikaApp-QubikaAppDevelopment/Pods-QubikaApp-QubikaAppDevelopment-resources.sh\"\n";
			showEnvVarsInLog = 0;
		};
		55DFCD15DF8B2980FA877423 /* [CP] Check Pods Manifest.lock */ = {
			isa = PBXShellScriptBuildPhase;
			buildActionMask = 2147483647;
			files = (
			);
			inputFileListPaths = (
			);
			inputPaths = (
				"${PODS_PODFILE_DIR_PATH}/Podfile.lock",
				"${PODS_ROOT}/Manifest.lock",
			);
			name = "[CP] Check Pods Manifest.lock";
			outputFileListPaths = (
			);
			outputPaths = (
				"$(DERIVED_FILE_DIR)/Pods-QubikaApp-QubikaAppStaging-checkManifestLockResult.txt",
			);
			runOnlyForDeploymentPostprocessing = 0;
			shellPath = /bin/sh;
			shellScript = "diff \"${PODS_PODFILE_DIR_PATH}/Podfile.lock\" \"${PODS_ROOT}/Manifest.lock\" > /dev/null\nif [ $? != 0 ] ; then\n    # print error to STDERR\n    echo \"error: The sandbox is not in sync with the Podfile.lock. Run 'pod install' or update your CocoaPods installation.\" >&2\n    exit 1\nfi\n# This output is used by Xcode 'outputs' to avoid re-running this script phase.\necho \"SUCCESS\" > \"${SCRIPT_OUTPUT_FILE_0}\"\n";
			showEnvVarsInLog = 0;
		};
		6A9CD5D82AFA7029000B394E /* Bundle React Native code and images */ = {
			isa = PBXShellScriptBuildPhase;
			buildActionMask = 2147483647;
			files = (
			);
			inputPaths = (
				"$(SRCROOT)/.xcode.env.local",
				"$(SRCROOT)/.xcode.env",
			);
			name = "Bundle React Native code and images";
			outputPaths = (
			);
			runOnlyForDeploymentPostprocessing = 0;
			shellPath = /bin/sh;
			shellScript = "set -e\n\nWITH_ENVIRONMENT=\"../node_modules/react-native/scripts/xcode/with-environment.sh\"\nREACT_NATIVE_XCODE=\"../node_modules/react-native/scripts/react-native-xcode.sh\"\n\n/bin/sh -c \"$WITH_ENVIRONMENT $REACT_NATIVE_XCODE\"\n";
		};
		6A9CD5EB2AFA7033000B394E /* Bundle React Native code and images */ = {
			isa = PBXShellScriptBuildPhase;
			buildActionMask = 2147483647;
			files = (
			);
			inputPaths = (
				"$(SRCROOT)/.xcode.env.local",
				"$(SRCROOT)/.xcode.env",
			);
			name = "Bundle React Native code and images";
			outputPaths = (
			);
			runOnlyForDeploymentPostprocessing = 0;
			shellPath = /bin/sh;
			shellScript = "set -e\n\nWITH_ENVIRONMENT=\"../node_modules/react-native/scripts/xcode/with-environment.sh\"\nREACT_NATIVE_XCODE=\"../node_modules/react-native/scripts/react-native-xcode.sh\"\n\n/bin/sh -c \"$WITH_ENVIRONMENT $REACT_NATIVE_XCODE\"\n";
		};
		6C5B6C89D0AA69452A1E7270 /* [CP] Embed Pods Frameworks */ = {
			isa = PBXShellScriptBuildPhase;
			buildActionMask = 2147483647;
			files = (
			);
			inputFileListPaths = (
				"${PODS_ROOT}/Target Support Files/Pods-QubikaApp-QubikaAppStaging/Pods-QubikaApp-QubikaAppStaging-frameworks-${CONFIGURATION}-input-files.xcfilelist",
			);
			name = "[CP] Embed Pods Frameworks";
			outputFileListPaths = (
				"${PODS_ROOT}/Target Support Files/Pods-QubikaApp-QubikaAppStaging/Pods-QubikaApp-QubikaAppStaging-frameworks-${CONFIGURATION}-output-files.xcfilelist",
			);
			runOnlyForDeploymentPostprocessing = 0;
			shellPath = /bin/sh;
			shellScript = "\"${PODS_ROOT}/Target Support Files/Pods-QubikaApp-QubikaAppStaging/Pods-QubikaApp-QubikaAppStaging-frameworks.sh\"\n";
			showEnvVarsInLog = 0;
		};
		9CF1228A3E0B89CE1511CC86 /* [CP] Embed Pods Frameworks */ = {
			isa = PBXShellScriptBuildPhase;
			buildActionMask = 2147483647;
			files = (
			);
			inputFileListPaths = (
				"${PODS_ROOT}/Target Support Files/Pods-QubikaApp-QubikaAppDevelopment/Pods-QubikaApp-QubikaAppDevelopment-frameworks-${CONFIGURATION}-input-files.xcfilelist",
			);
			name = "[CP] Embed Pods Frameworks";
			outputFileListPaths = (
				"${PODS_ROOT}/Target Support Files/Pods-QubikaApp-QubikaAppDevelopment/Pods-QubikaApp-QubikaAppDevelopment-frameworks-${CONFIGURATION}-output-files.xcfilelist",
			);
			runOnlyForDeploymentPostprocessing = 0;
			shellPath = /bin/sh;
			shellScript = "\"${PODS_ROOT}/Target Support Files/Pods-QubikaApp-QubikaAppDevelopment/Pods-QubikaApp-QubikaAppDevelopment-frameworks.sh\"\n";
			showEnvVarsInLog = 0;
		};
		9F520F7100AFDE4A7B617094 /* [CP] Check Pods Manifest.lock */ = {
			isa = PBXShellScriptBuildPhase;
			buildActionMask = 2147483647;
			files = (
			);
			inputFileListPaths = (
			);
			inputPaths = (
				"${PODS_PODFILE_DIR_PATH}/Podfile.lock",
				"${PODS_ROOT}/Manifest.lock",
			);
			name = "[CP] Check Pods Manifest.lock";
			outputFileListPaths = (
			);
			outputPaths = (
				"$(DERIVED_FILE_DIR)/Pods-QubikaApp-QubikaAppDevelopment-checkManifestLockResult.txt",
			);
			runOnlyForDeploymentPostprocessing = 0;
			shellPath = /bin/sh;
			shellScript = "diff \"${PODS_PODFILE_DIR_PATH}/Podfile.lock\" \"${PODS_ROOT}/Manifest.lock\" > /dev/null\nif [ $? != 0 ] ; then\n    # print error to STDERR\n    echo \"error: The sandbox is not in sync with the Podfile.lock. Run 'pod install' or update your CocoaPods installation.\" >&2\n    exit 1\nfi\n# This output is used by Xcode 'outputs' to avoid re-running this script phase.\necho \"SUCCESS\" > \"${SCRIPT_OUTPUT_FILE_0}\"\n";
			showEnvVarsInLog = 0;
		};
		A55EABD7B0C7F3A422A6CC61 /* [CP] Check Pods Manifest.lock */ = {
			isa = PBXShellScriptBuildPhase;
			buildActionMask = 2147483647;
			files = (
			);
			inputFileListPaths = (
			);
			inputPaths = (
				"${PODS_PODFILE_DIR_PATH}/Podfile.lock",
				"${PODS_ROOT}/Manifest.lock",
			);
			name = "[CP] Check Pods Manifest.lock";
			outputFileListPaths = (
			);
			outputPaths = (
				"$(DERIVED_FILE_DIR)/Pods-QubikaApp-QubikaAppTests-checkManifestLockResult.txt",
			);
			runOnlyForDeploymentPostprocessing = 0;
			shellPath = /bin/sh;
			shellScript = "diff \"${PODS_PODFILE_DIR_PATH}/Podfile.lock\" \"${PODS_ROOT}/Manifest.lock\" > /dev/null\nif [ $? != 0 ] ; then\n    # print error to STDERR\n    echo \"error: The sandbox is not in sync with the Podfile.lock. Run 'pod install' or update your CocoaPods installation.\" >&2\n    exit 1\nfi\n# This output is used by Xcode 'outputs' to avoid re-running this script phase.\necho \"SUCCESS\" > \"${SCRIPT_OUTPUT_FILE_0}\"\n";
			showEnvVarsInLog = 0;
		};
		C0629B47DE798EADF2B3753F /* [CP] Copy Pods Resources */ = {
			isa = PBXShellScriptBuildPhase;
			buildActionMask = 2147483647;
			files = (
			);
			inputFileListPaths = (
				"${PODS_ROOT}/Target Support Files/Pods-QubikaApp-QubikaAppStaging/Pods-QubikaApp-QubikaAppStaging-resources-${CONFIGURATION}-input-files.xcfilelist",
			);
			name = "[CP] Copy Pods Resources";
			outputFileListPaths = (
				"${PODS_ROOT}/Target Support Files/Pods-QubikaApp-QubikaAppStaging/Pods-QubikaApp-QubikaAppStaging-resources-${CONFIGURATION}-output-files.xcfilelist",
			);
			runOnlyForDeploymentPostprocessing = 0;
			shellPath = /bin/sh;
			shellScript = "\"${PODS_ROOT}/Target Support Files/Pods-QubikaApp-QubikaAppStaging/Pods-QubikaApp-QubikaAppStaging-resources.sh\"\n";
			showEnvVarsInLog = 0;
		};
		C38B50BA6285516D6DCD4F65 /* [CP] Check Pods Manifest.lock */ = {
			isa = PBXShellScriptBuildPhase;
			buildActionMask = 2147483647;
			files = (
			);
			inputFileListPaths = (
			);
			inputPaths = (
				"${PODS_PODFILE_DIR_PATH}/Podfile.lock",
				"${PODS_ROOT}/Manifest.lock",
			);
			name = "[CP] Check Pods Manifest.lock";
			outputFileListPaths = (
			);
			outputPaths = (
				"$(DERIVED_FILE_DIR)/Pods-QubikaApp-checkManifestLockResult.txt",
			);
			runOnlyForDeploymentPostprocessing = 0;
			shellPath = /bin/sh;
			shellScript = "diff \"${PODS_PODFILE_DIR_PATH}/Podfile.lock\" \"${PODS_ROOT}/Manifest.lock\" > /dev/null\nif [ $? != 0 ] ; then\n    # print error to STDERR\n    echo \"error: The sandbox is not in sync with the Podfile.lock. Run 'pod install' or update your CocoaPods installation.\" >&2\n    exit 1\nfi\n# This output is used by Xcode 'outputs' to avoid re-running this script phase.\necho \"SUCCESS\" > \"${SCRIPT_OUTPUT_FILE_0}\"\n";
			showEnvVarsInLog = 0;
		};
		C59DA0FBD6956966B86A3779 /* [CP] Embed Pods Frameworks */ = {
			isa = PBXShellScriptBuildPhase;
			buildActionMask = 2147483647;
			files = (
			);
			inputFileListPaths = (
				"${PODS_ROOT}/Target Support Files/Pods-QubikaApp-QubikaAppTests/Pods-QubikaApp-QubikaAppTests-frameworks-${CONFIGURATION}-input-files.xcfilelist",
			);
			name = "[CP] Embed Pods Frameworks";
			outputFileListPaths = (
				"${PODS_ROOT}/Target Support Files/Pods-QubikaApp-QubikaAppTests/Pods-QubikaApp-QubikaAppTests-frameworks-${CONFIGURATION}-output-files.xcfilelist",
			);
			runOnlyForDeploymentPostprocessing = 0;
			shellPath = /bin/sh;
			shellScript = "\"${PODS_ROOT}/Target Support Files/Pods-QubikaApp-QubikaAppTests/Pods-QubikaApp-QubikaAppTests-frameworks.sh\"\n";
			showEnvVarsInLog = 0;
		};
		E235C05ADACE081382539298 /* [CP] Copy Pods Resources */ = {
			isa = PBXShellScriptBuildPhase;
			buildActionMask = 2147483647;
			files = (
			);
			inputFileListPaths = (
				"${PODS_ROOT}/Target Support Files/Pods-QubikaApp/Pods-QubikaApp-resources-${CONFIGURATION}-input-files.xcfilelist",
			);
			name = "[CP] Copy Pods Resources";
			outputFileListPaths = (
				"${PODS_ROOT}/Target Support Files/Pods-QubikaApp/Pods-QubikaApp-resources-${CONFIGURATION}-output-files.xcfilelist",
			);
			runOnlyForDeploymentPostprocessing = 0;
			shellPath = /bin/sh;
			shellScript = "\"${PODS_ROOT}/Target Support Files/Pods-QubikaApp/Pods-QubikaApp-resources.sh\"\n";
			showEnvVarsInLog = 0;
		};
		F6A41C54EA430FDDC6A6ED99 /* [CP] Copy Pods Resources */ = {
			isa = PBXShellScriptBuildPhase;
			buildActionMask = 2147483647;
			files = (
			);
			inputFileListPaths = (
				"${PODS_ROOT}/Target Support Files/Pods-QubikaApp-QubikaAppTests/Pods-QubikaApp-QubikaAppTests-resources-${CONFIGURATION}-input-files.xcfilelist",
			);
			name = "[CP] Copy Pods Resources";
			outputFileListPaths = (
				"${PODS_ROOT}/Target Support Files/Pods-QubikaApp-QubikaAppTests/Pods-QubikaApp-QubikaAppTests-resources-${CONFIGURATION}-output-files.xcfilelist",
			);
			runOnlyForDeploymentPostprocessing = 0;
			shellPath = /bin/sh;
			shellScript = "\"${PODS_ROOT}/Target Support Files/Pods-QubikaApp-QubikaAppTests/Pods-QubikaApp-QubikaAppTests-resources.sh\"\n";
			showEnvVarsInLog = 0;
		};
/* End PBXShellScriptBuildPhase section */

/* Begin PBXSourcesBuildPhase section */
		00E356EA1AD99517003FC87E /* Sources */ = {
			isa = PBXSourcesBuildPhase;
			buildActionMask = 2147483647;
			files = (
				00E356F31AD99517003FC87E /* QubikaAppTests.m in Sources */,
			);
			runOnlyForDeploymentPostprocessing = 0;
		};
		13B07F871A680F5B00A75B9A /* Sources */ = {
			isa = PBXSourcesBuildPhase;
			buildActionMask = 2147483647;
			files = (
				13B07FBC1A68108700A75B9A /* AppDelegate.mm in Sources */,
				13B07FC11A68108700A75B9A /* main.m in Sources */,
			);
			runOnlyForDeploymentPostprocessing = 0;
		};
		6A9CD5D02AFA7029000B394E /* Sources */ = {
			isa = PBXSourcesBuildPhase;
			buildActionMask = 2147483647;
			files = (
				6A9CD5D12AFA7029000B394E /* AppDelegate.mm in Sources */,
				6A9CD5D22AFA7029000B394E /* main.m in Sources */,
			);
			runOnlyForDeploymentPostprocessing = 0;
		};
		6A9CD5E32AFA7033000B394E /* Sources */ = {
			isa = PBXSourcesBuildPhase;
			buildActionMask = 2147483647;
			files = (
				6A9CD5E42AFA7033000B394E /* AppDelegate.mm in Sources */,
				6A9CD5E52AFA7033000B394E /* main.m in Sources */,
			);
			runOnlyForDeploymentPostprocessing = 0;
		};
/* End PBXSourcesBuildPhase section */

/* Begin PBXTargetDependency section */
		00E356F51AD99517003FC87E /* PBXTargetDependency */ = {
			isa = PBXTargetDependency;
			target = 13B07F861A680F5B00A75B9A /* QubikaApp */;
			targetProxy = 00E356F41AD99517003FC87E /* PBXContainerItemProxy */;
		};
/* End PBXTargetDependency section */

/* Begin XCBuildConfiguration section */
		00E356F61AD99517003FC87E /* Debug */ = {
			isa = XCBuildConfiguration;
			baseConfigurationReference = 5B7EB9410499542E8C5724F5 /* Pods-QubikaApp-QubikaAppTests.debug.xcconfig */;
			buildSettings = {
				BUNDLE_LOADER = "$(TEST_HOST)";
				GCC_PREPROCESSOR_DEFINITIONS = (
					"DEBUG=1",
					"$(inherited)",
				);
				INFOPLIST_FILE = QubikaAppTests/Info.plist;
				IPHONEOS_DEPLOYMENT_TARGET = 13.4;
				LD_RUNPATH_SEARCH_PATHS = (
					"$(inherited)",
					"@executable_path/Frameworks",
					"@loader_path/Frameworks",
				);
				OTHER_LDFLAGS = (
					"-ObjC",
					"-lc++",
					"$(inherited)",
				);
				PRODUCT_BUNDLE_IDENTIFIER = "org.reactjs.native.example.$(PRODUCT_NAME:rfc1034identifier)";
				PRODUCT_NAME = "$(TARGET_NAME)";
				TEST_HOST = "$(BUILT_PRODUCTS_DIR)/QubikaApp.app/QubikaApp";
			};
			name = Debug;
		};
		00E356F71AD99517003FC87E /* Release */ = {
			isa = XCBuildConfiguration;
			baseConfigurationReference = 89C6BE57DB24E9ADA2F236DE /* Pods-QubikaApp-QubikaAppTests.release.xcconfig */;
			buildSettings = {
				BUNDLE_LOADER = "$(TEST_HOST)";
				COPY_PHASE_STRIP = NO;
				INFOPLIST_FILE = QubikaAppTests/Info.plist;
				IPHONEOS_DEPLOYMENT_TARGET = 13.4;
				LD_RUNPATH_SEARCH_PATHS = (
					"$(inherited)",
					"@executable_path/Frameworks",
					"@loader_path/Frameworks",
				);
				OTHER_LDFLAGS = (
					"-ObjC",
					"-lc++",
					"$(inherited)",
				);
				PRODUCT_BUNDLE_IDENTIFIER = "org.reactjs.native.example.$(PRODUCT_NAME:rfc1034identifier)";
				PRODUCT_NAME = "$(TARGET_NAME)";
				TEST_HOST = "$(BUILT_PRODUCTS_DIR)/QubikaApp.app/QubikaApp";
			};
			name = Release;
		};
		13B07F941A680F5B00A75B9A /* Debug */ = {
			isa = XCBuildConfiguration;
			baseConfigurationReference = 06BD3FEC72835A306B6CB6EC /* Pods-QubikaApp.debug.xcconfig */;
			buildSettings = {
				ASSETCATALOG_COMPILER_APPICON_NAME = AppIcon;
				CLANG_ENABLE_MODULES = YES;
				CURRENT_PROJECT_VERSION = 1;
				ENABLE_BITCODE = NO;
				INFOPLIST_FILE = QubikaApp/Info.plist;
				INFOPLIST_KEY_CFBundleDisplayName = QubikaApp;
				LD_RUNPATH_SEARCH_PATHS = (
					"$(inherited)",
					"@executable_path/Frameworks",
				);
				MARKETING_VERSION = 1.0;
				OTHER_LDFLAGS = (
					"$(inherited)",
					"-ObjC",
					"-lc++",
				);
				PRODUCT_BUNDLE_IDENTIFIER = com.qubikaapp.prd;
				PRODUCT_NAME = QubikaApp;
				SWIFT_OPTIMIZATION_LEVEL = "-Onone";
				SWIFT_VERSION = 5.0;
				VERSIONING_SYSTEM = "apple-generic";
			};
			name = Debug;
		};
		13B07F951A680F5B00A75B9A /* Release */ = {
			isa = XCBuildConfiguration;
			baseConfigurationReference = 4B52BBCEB8E8AAFB297E8D57 /* Pods-QubikaApp.release.xcconfig */;
			buildSettings = {
				ASSETCATALOG_COMPILER_APPICON_NAME = AppIcon;
				CLANG_ENABLE_MODULES = YES;
				CURRENT_PROJECT_VERSION = 1;
				INFOPLIST_FILE = QubikaApp/Info.plist;
				INFOPLIST_KEY_CFBundleDisplayName = QubikaApp;
				LD_RUNPATH_SEARCH_PATHS = (
					"$(inherited)",
					"@executable_path/Frameworks",
				);
				MARKETING_VERSION = 1.0;
				OTHER_LDFLAGS = (
					"$(inherited)",
					"-ObjC",
					"-lc++",
				);
				PRODUCT_BUNDLE_IDENTIFIER = com.qubikaapp.prd;
				PRODUCT_NAME = QubikaApp;
				SWIFT_VERSION = 5.0;
				VERSIONING_SYSTEM = "apple-generic";
			};
			name = Release;
		};
		6A9CD5DC2AFA7029000B394E /* Debug */ = {
			isa = XCBuildConfiguration;
			baseConfigurationReference = 54F440457D4EF3EC8D44A673 /* Pods-QubikaApp-QubikaAppStaging.debug.xcconfig */;
			buildSettings = {
				ASSETCATALOG_COMPILER_APPICON_NAME = AppIcon;
				CLANG_ENABLE_MODULES = YES;
				CURRENT_PROJECT_VERSION = 1;
				ENABLE_BITCODE = NO;
				INFOPLIST_FILE = "QubikaApp/Staging-Info.plist";
				INFOPLIST_KEY_CFBundleDisplayName = QubikaAppStaging;
				LD_RUNPATH_SEARCH_PATHS = (
					"$(inherited)",
					"@executable_path/Frameworks",
				);
				MARKETING_VERSION = 1.0;
				OTHER_LDFLAGS = (
					"$(inherited)",
					"-ObjC",
					"-lc++",
				);
				PRODUCT_BUNDLE_IDENTIFIER = com.qubikaapp.stg;
				PRODUCT_NAME = "$(TARGET_NAME)";
				SWIFT_OPTIMIZATION_LEVEL = "-Onone";
				SWIFT_VERSION = 5.0;
				VERSIONING_SYSTEM = "apple-generic";
			};
			name = Debug;
		};
		6A9CD5DD2AFA7029000B394E /* Release */ = {
			isa = XCBuildConfiguration;
			baseConfigurationReference = DD250ECCD04133BBF4B07A56 /* Pods-QubikaApp-QubikaAppStaging.release.xcconfig */;
			buildSettings = {
				ASSETCATALOG_COMPILER_APPICON_NAME = AppIcon;
				CLANG_ENABLE_MODULES = YES;
				CURRENT_PROJECT_VERSION = 1;
				INFOPLIST_FILE = "QubikaApp/Staging-Info.plist";
				INFOPLIST_KEY_CFBundleDisplayName = QubikaAppStaging;
				LD_RUNPATH_SEARCH_PATHS = (
					"$(inherited)",
					"@executable_path/Frameworks",
				);
				MARKETING_VERSION = 1.0;
				OTHER_LDFLAGS = (
					"$(inherited)",
					"-ObjC",
					"-lc++",
				);
				PRODUCT_BUNDLE_IDENTIFIER = com.qubikaapp.stg;
				PRODUCT_NAME = "$(TARGET_NAME)";
				SWIFT_VERSION = 5.0;
				VERSIONING_SYSTEM = "apple-generic";
			};
			name = Release;
		};
		6A9CD5EF2AFA7033000B394E /* Debug */ = {
			isa = XCBuildConfiguration;
			baseConfigurationReference = 1465B32CF01FA5D3F9736910 /* Pods-QubikaApp-QubikaAppDevelopment.debug.xcconfig */;
			buildSettings = {
				ASSETCATALOG_COMPILER_APPICON_NAME = AppIcon;
				CLANG_ENABLE_MODULES = YES;
				CURRENT_PROJECT_VERSION = 1;
				ENABLE_BITCODE = NO;
				INFOPLIST_FILE = "QubikaApp/Development-Info.plist";
				INFOPLIST_KEY_CFBundleDisplayName = QubikaAppDevelopment;
				LD_RUNPATH_SEARCH_PATHS = (
					"$(inherited)",
					"@executable_path/Frameworks",
				);
				MARKETING_VERSION = 1.0;
				OTHER_LDFLAGS = (
					"$(inherited)",
					"-ObjC",
					"-lc++",
				);
				PRODUCT_BUNDLE_IDENTIFIER = com.qubikaapp.dev;
				PRODUCT_NAME = "$(TARGET_NAME)";
				SWIFT_OPTIMIZATION_LEVEL = "-Onone";
				SWIFT_VERSION = 5.0;
				VERSIONING_SYSTEM = "apple-generic";
			};
			name = Debug;
		};
		6A9CD5F02AFA7033000B394E /* Release */ = {
			isa = XCBuildConfiguration;
			baseConfigurationReference = FB0626A538FCD60B6813CEF8 /* Pods-QubikaApp-QubikaAppDevelopment.release.xcconfig */;
			buildSettings = {
				ASSETCATALOG_COMPILER_APPICON_NAME = AppIcon;
				CLANG_ENABLE_MODULES = YES;
				CURRENT_PROJECT_VERSION = 1;
				INFOPLIST_FILE = "QubikaApp/Development-Info.plist";
				INFOPLIST_KEY_CFBundleDisplayName = QubikaAppDevelopment;
				LD_RUNPATH_SEARCH_PATHS = (
					"$(inherited)",
					"@executable_path/Frameworks",
				);
				MARKETING_VERSION = 1.0;
				OTHER_LDFLAGS = (
					"$(inherited)",
					"-ObjC",
					"-lc++",
				);
				PRODUCT_BUNDLE_IDENTIFIER = com.qubikaapp.dev;
				PRODUCT_NAME = "$(TARGET_NAME)";
				SWIFT_VERSION = 5.0;
				VERSIONING_SYSTEM = "apple-generic";
			};
			name = Release;
		};
		83CBBA201A601CBA00E9B192 /* Debug */ = {
			isa = XCBuildConfiguration;
			buildSettings = {
				ALWAYS_SEARCH_USER_PATHS = NO;
				CLANG_ANALYZER_LOCALIZABILITY_NONLOCALIZED = YES;
				CLANG_CXX_LANGUAGE_STANDARD = "c++20";
				CLANG_CXX_LIBRARY = "libc++";
				CLANG_ENABLE_MODULES = YES;
				CLANG_ENABLE_OBJC_ARC = YES;
				CLANG_WARN_BLOCK_CAPTURE_AUTORELEASING = YES;
				CLANG_WARN_BOOL_CONVERSION = YES;
				CLANG_WARN_COMMA = YES;
				CLANG_WARN_CONSTANT_CONVERSION = YES;
				CLANG_WARN_DEPRECATED_OBJC_IMPLEMENTATIONS = YES;
				CLANG_WARN_DIRECT_OBJC_ISA_USAGE = YES_ERROR;
				CLANG_WARN_EMPTY_BODY = YES;
				CLANG_WARN_ENUM_CONVERSION = YES;
				CLANG_WARN_INFINITE_RECURSION = YES;
				CLANG_WARN_INT_CONVERSION = YES;
				CLANG_WARN_NON_LITERAL_NULL_CONVERSION = YES;
				CLANG_WARN_OBJC_IMPLICIT_RETAIN_SELF = YES;
				CLANG_WARN_OBJC_LITERAL_CONVERSION = YES;
				CLANG_WARN_OBJC_ROOT_CLASS = YES_ERROR;
				CLANG_WARN_QUOTED_INCLUDE_IN_FRAMEWORK_HEADER = YES;
				CLANG_WARN_RANGE_LOOP_ANALYSIS = YES;
				CLANG_WARN_STRICT_PROTOTYPES = YES;
				CLANG_WARN_SUSPICIOUS_MOVE = YES;
				CLANG_WARN_UNREACHABLE_CODE = YES;
				CLANG_WARN__DUPLICATE_METHOD_MATCH = YES;
				"CODE_SIGN_IDENTITY[sdk=iphoneos*]" = "iPhone Developer";
				COPY_PHASE_STRIP = NO;
				ENABLE_STRICT_OBJC_MSGSEND = YES;
				ENABLE_TESTABILITY = YES;
				"EXCLUDED_ARCHS[sdk=iphonesimulator*]" = i386;
				GCC_C_LANGUAGE_STANDARD = gnu99;
				GCC_DYNAMIC_NO_PIC = NO;
				GCC_NO_COMMON_BLOCKS = YES;
				GCC_OPTIMIZATION_LEVEL = 0;
				GCC_PREPROCESSOR_DEFINITIONS = (
					"DEBUG=1",
					"$(inherited)",
				);
				GCC_SYMBOLS_PRIVATE_EXTERN = NO;
				GCC_WARN_64_TO_32_BIT_CONVERSION = YES;
				GCC_WARN_ABOUT_RETURN_TYPE = YES_ERROR;
				GCC_WARN_UNDECLARED_SELECTOR = YES;
				GCC_WARN_UNINITIALIZED_AUTOS = YES_AGGRESSIVE;
				GCC_WARN_UNUSED_FUNCTION = YES;
				GCC_WARN_UNUSED_VARIABLE = YES;
				IPHONEOS_DEPLOYMENT_TARGET = 13.4;
				LD_RUNPATH_SEARCH_PATHS = (
					/usr/lib/swift,
					"$(inherited)",
				);
				LIBRARY_SEARCH_PATHS = (
					"\"$(SDKROOT)/usr/lib/swift\"",
					"\"$(TOOLCHAIN_DIR)/usr/lib/swift/$(PLATFORM_NAME)\"",
					"\"$(inherited)\"",
				);
				MTL_ENABLE_DEBUG_INFO = YES;
				ONLY_ACTIVE_ARCH = YES;
				OTHER_CFLAGS = "$(inherited)";
				OTHER_CPLUSPLUSFLAGS = (
					"$(OTHER_CFLAGS)",
					"-DFOLLY_NO_CONFIG",
					"-DFOLLY_MOBILE=1",
					"-DFOLLY_USE_LIBCPP=1",
				);
				OTHER_LDFLAGS = (
					"$(inherited)",
					" ",
				);
				REACT_NATIVE_PATH = "${PODS_ROOT}/../../node_modules/react-native";
				SDKROOT = iphoneos;
				USE_HERMES = true;
			};
			name = Debug;
		};
		83CBBA211A601CBA00E9B192 /* Release */ = {
			isa = XCBuildConfiguration;
			buildSettings = {
				ALWAYS_SEARCH_USER_PATHS = NO;
				CLANG_ANALYZER_LOCALIZABILITY_NONLOCALIZED = YES;
				CLANG_CXX_LANGUAGE_STANDARD = "c++20";
				CLANG_CXX_LIBRARY = "libc++";
				CLANG_ENABLE_MODULES = YES;
				CLANG_ENABLE_OBJC_ARC = YES;
				CLANG_WARN_BLOCK_CAPTURE_AUTORELEASING = YES;
				CLANG_WARN_BOOL_CONVERSION = YES;
				CLANG_WARN_COMMA = YES;
				CLANG_WARN_CONSTANT_CONVERSION = YES;
				CLANG_WARN_DEPRECATED_OBJC_IMPLEMENTATIONS = YES;
				CLANG_WARN_DIRECT_OBJC_ISA_USAGE = YES_ERROR;
				CLANG_WARN_EMPTY_BODY = YES;
				CLANG_WARN_ENUM_CONVERSION = YES;
				CLANG_WARN_INFINITE_RECURSION = YES;
				CLANG_WARN_INT_CONVERSION = YES;
				CLANG_WARN_NON_LITERAL_NULL_CONVERSION = YES;
				CLANG_WARN_OBJC_IMPLICIT_RETAIN_SELF = YES;
				CLANG_WARN_OBJC_LITERAL_CONVERSION = YES;
				CLANG_WARN_OBJC_ROOT_CLASS = YES_ERROR;
				CLANG_WARN_QUOTED_INCLUDE_IN_FRAMEWORK_HEADER = YES;
				CLANG_WARN_RANGE_LOOP_ANALYSIS = YES;
				CLANG_WARN_STRICT_PROTOTYPES = YES;
				CLANG_WARN_SUSPICIOUS_MOVE = YES;
				CLANG_WARN_UNREACHABLE_CODE = YES;
				CLANG_WARN__DUPLICATE_METHOD_MATCH = YES;
				"CODE_SIGN_IDENTITY[sdk=iphoneos*]" = "iPhone Developer";
				COPY_PHASE_STRIP = YES;
				ENABLE_NS_ASSERTIONS = NO;
				ENABLE_STRICT_OBJC_MSGSEND = YES;
				"EXCLUDED_ARCHS[sdk=iphonesimulator*]" = i386;
				GCC_C_LANGUAGE_STANDARD = gnu99;
				GCC_NO_COMMON_BLOCKS = YES;
				GCC_WARN_64_TO_32_BIT_CONVERSION = YES;
				GCC_WARN_ABOUT_RETURN_TYPE = YES_ERROR;
				GCC_WARN_UNDECLARED_SELECTOR = YES;
				GCC_WARN_UNINITIALIZED_AUTOS = YES_AGGRESSIVE;
				GCC_WARN_UNUSED_FUNCTION = YES;
				GCC_WARN_UNUSED_VARIABLE = YES;
				IPHONEOS_DEPLOYMENT_TARGET = 13.4;
				LD_RUNPATH_SEARCH_PATHS = (
					/usr/lib/swift,
					"$(inherited)",
				);
				LIBRARY_SEARCH_PATHS = (
					"\"$(SDKROOT)/usr/lib/swift\"",
					"\"$(TOOLCHAIN_DIR)/usr/lib/swift/$(PLATFORM_NAME)\"",
					"\"$(inherited)\"",
				);
				MTL_ENABLE_DEBUG_INFO = NO;
				OTHER_CFLAGS = "$(inherited)";
				OTHER_CPLUSPLUSFLAGS = (
					"$(OTHER_CFLAGS)",
					"-DFOLLY_NO_CONFIG",
					"-DFOLLY_MOBILE=1",
					"-DFOLLY_USE_LIBCPP=1",
				);
				OTHER_LDFLAGS = (
					"$(inherited)",
					" ",
				);
				REACT_NATIVE_PATH = "${PODS_ROOT}/../../node_modules/react-native";
				SDKROOT = iphoneos;
				USE_HERMES = true;
				VALIDATE_PRODUCT = YES;
			};
			name = Release;
		};
/* End XCBuildConfiguration section */

/* Begin XCConfigurationList section */
		00E357021AD99517003FC87E /* Build configuration list for PBXNativeTarget "QubikaAppTests" */ = {
			isa = XCConfigurationList;
			buildConfigurations = (
				00E356F61AD99517003FC87E /* Debug */,
				00E356F71AD99517003FC87E /* Release */,
			);
			defaultConfigurationIsVisible = 0;
			defaultConfigurationName = Release;
		};
		13B07F931A680F5B00A75B9A /* Build configuration list for PBXNativeTarget "QubikaApp" */ = {
			isa = XCConfigurationList;
			buildConfigurations = (
				13B07F941A680F5B00A75B9A /* Debug */,
				13B07F951A680F5B00A75B9A /* Release */,
			);
			defaultConfigurationIsVisible = 0;
			defaultConfigurationName = Release;
		};
		6A9CD5DB2AFA7029000B394E /* Build configuration list for PBXNativeTarget "QubikaAppStaging" */ = {
			isa = XCConfigurationList;
			buildConfigurations = (
				6A9CD5DC2AFA7029000B394E /* Debug */,
				6A9CD5DD2AFA7029000B394E /* Release */,
			);
			defaultConfigurationIsVisible = 0;
			defaultConfigurationName = Release;
		};
		6A9CD5EE2AFA7033000B394E /* Build configuration list for PBXNativeTarget "QubikaAppDevelopment" */ = {
			isa = XCConfigurationList;
			buildConfigurations = (
				6A9CD5EF2AFA7033000B394E /* Debug */,
				6A9CD5F02AFA7033000B394E /* Release */,
			);
			defaultConfigurationIsVisible = 0;
			defaultConfigurationName = Release;
		};
		83CBB9FA1A601CBA00E9B192 /* Build configuration list for PBXProject "QubikaApp" */ = {
			isa = XCConfigurationList;
			buildConfigurations = (
				83CBBA201A601CBA00E9B192 /* Debug */,
				83CBBA211A601CBA00E9B192 /* Release */,
			);
			defaultConfigurationIsVisible = 0;
			defaultConfigurationName = Release;
		};
/* End XCConfigurationList section */
	};
	rootObject = 83CBB9F71A601CBA00E9B192 /* Project object */;
}
